
Microsoft Visual Studio Solution File, Format Version 12.00
# Visual Studio Version 16
VisualStudioVersion = 16.0.31205.134
MinimumVisualStudioVersion = 10.0.40219.1
Project("{FAE04EC0-301F-11D3-BF4B-00C04F79EFBC}") = "GridAdvance", "GridAdvance\GridAdvance.csproj", "{FDA00D83-A5B8-40C0-92B5-0DE8A854B64E}"
EndProject
Global
	GlobalSection(SolutionConfigurationPlatforms) = preSolution
		Debug|Any CPU = Debug|Any CPU
		Release|Any CPU = Release|Any CPU
	EndGlobalSection
	GlobalSection(ProjectConfigurationPlatforms) = postSolution
		{FDA00D83-A5B8-40C0-92B5-0DE8A854B64E}.Debug|Any CPU.ActiveCfg = Debug|Any CPU
		{FDA00D83-A5B8-40C0-92B5-0DE8A854B64E}.Debug|Any CPU.Build.0 = Debug|Any CPU
		{FDA00D83-A5B8-40C0-92B5-0DE8A854B64E}.Release|Any CPU.ActiveCfg = Release|Any CPU
		{FDA00D83-A5B8-40C0-92B5-0DE8A854B64E}.Release|Any CPU.Build.0 = Release|Any CPU
	EndGlobalSection
	GlobalSection(SolutionProperties) = preSolution
		HideSolutionNode = FALSE
	EndGlobalSection
	GlobalSection(ExtensibilityGlobals) = postSolution
		SolutionGuid = {E1B3B1E8-0DA5-4FA3-908D-638C526F7249}
	EndGlobalSection
EndGlobal
